
Microsoft Visual Studio Solution File, Format Version 12.00
# Visual Studio Version 17
VisualStudioVersion = 17.9.34728.123
MinimumVisualStudioVersion = 10.0.40219.1
Project("{FAE04EC0-301F-11D3-BF4B-00C04F79EFBC}") = "Clock", "Clock\Clock.csproj", "{615B1765-9AB8-4239-A10A-D2056C3DA96C}"
EndProject
Global
	GlobalSection(SolutionConfigurationPlatforms) = preSolution
		Debug|Any CPU = Debug|Any CPU
		Release|Any CPU = Release|Any CPU
	EndGlobalSection
	GlobalSection(ProjectConfigurationPlatforms) = postSolution
		{615B1765-9AB8-4239-A10A-D2056C3DA96C}.Debug|Any CPU.ActiveCfg = Debug|Any CPU
		{615B1765-9AB8-4239-A10A-D2056C3DA96C}.Debug|Any CPU.Build.0 = Debug|Any CPU
		{615B1765-9AB8-4239-A10A-D2056C3DA96C}.Release|Any CPU.ActiveCfg = Release|Any CPU
		{615B1765-9AB8-4239-A10A-D2056C3DA96C}.Release|Any CPU.Build.0 = Release|Any CPU
	EndGlobalSection
	GlobalSection(SolutionProperties) = preSolution
		HideSolutionNode = FALSE
	EndGlobalSection
	GlobalSection(ExtensibilityGlobals) = postSolution
		SolutionGuid = {516D8B9D-B58A-45B0-A45E-A4BEF75DE1BE}
	EndGlobalSection
EndGlobal
