
Microsoft Visual Studio Solution File, Format Version 12.00
# Visual Studio Version 17
VisualStudioVersion = 17.9.34728.123
MinimumVisualStudioVersion = 10.0.40219.1
Project("{8BC9CEB8-8B4A-11D0-8D11-00A0C91BC942}") = "WinAPI", "WinAPI\WinAPI.vcxproj", "{CF6341F2-FA75-46E5-9A0D-8070B242C94A}"
EndProject
Project("{8BC9CEB8-8B4A-11D0-8D11-00A0C91BC942}") = "ComboBox", "ComboBox\ComboBox.vcxproj", "{6E7E1B8A-6155-408C-917A-9B8986864998}"
EndProject
Project("{8BC9CEB8-8B4A-11D0-8D11-00A0C91BC942}") = "ListBox", "ListBox\ListBox.vcxproj", "{D57CD267-4400-461B-9460-0AB954BE42AC}"
EndProject
Project("{8BC9CEB8-8B4A-11D0-8D11-00A0C91BC942}") = "MainWindow", "MainWindow\MainWindow.vcxproj", "{B5276830-1286-454C-9977-97BCF60631E6}"
EndProject
Project("{8BC9CEB8-8B4A-11D0-8D11-00A0C91BC942}") = "Calc", "Calc\Calc.vcxproj", "{4E159214-CA6B-475F-B401-1B20B116FA61}"
EndProject
Project("{8BC9CEB8-8B4A-11D0-8D11-00A0C91BC942}") = "CalcDLL", "CalcDLL\CalcDLL.vcxproj", "{D428A9A4-1F4E-4B87-AD6C-3325F25CA218}"
EndProject
Global
	GlobalSection(SolutionConfigurationPlatforms) = preSolution
		Debug|x64 = Debug|x64
		Debug|x86 = Debug|x86
		Release|x64 = Release|x64
		Release|x86 = Release|x86
	EndGlobalSection
	GlobalSection(ProjectConfigurationPlatforms) = postSolution
		{CF6341F2-FA75-46E5-9A0D-8070B242C94A}.Debug|x64.ActiveCfg = Debug|x64
		{CF6341F2-FA75-46E5-9A0D-8070B242C94A}.Debug|x64.Build.0 = Debug|x64
		{CF6341F2-FA75-46E5-9A0D-8070B242C94A}.Debug|x86.ActiveCfg = Debug|Win32
		{CF6341F2-FA75-46E5-9A0D-8070B242C94A}.Debug|x86.Build.0 = Debug|Win32
		{CF6341F2-FA75-46E5-9A0D-8070B242C94A}.Release|x64.ActiveCfg = Release|x64
		{CF6341F2-FA75-46E5-9A0D-8070B242C94A}.Release|x64.Build.0 = Release|x64
		{CF6341F2-FA75-46E5-9A0D-8070B242C94A}.Release|x86.ActiveCfg = Release|Win32
		{CF6341F2-FA75-46E5-9A0D-8070B242C94A}.Release|x86.Build.0 = Release|Win32
		{6E7E1B8A-6155-408C-917A-9B8986864998}.Debug|x64.ActiveCfg = Debug|x64
		{6E7E1B8A-6155-408C-917A-9B8986864998}.Debug|x64.Build.0 = Debug|x64
		{6E7E1B8A-6155-408C-917A-9B8986864998}.Debug|x86.ActiveCfg = Debug|Win32
		{6E7E1B8A-6155-408C-917A-9B8986864998}.Debug|x86.Build.0 = Debug|Win32
		{6E7E1B8A-6155-408C-917A-9B8986864998}.Release|x64.ActiveCfg = Release|x64
		{6E7E1B8A-6155-408C-917A-9B8986864998}.Release|x64.Build.0 = Release|x64
		{6E7E1B8A-6155-408C-917A-9B8986864998}.Release|x86.ActiveCfg = Release|Win32
		{6E7E1B8A-6155-408C-917A-9B8986864998}.Release|x86.Build.0 = Release|Win32
		{D57CD267-4400-461B-9460-0AB954BE42AC}.Debug|x64.ActiveCfg = Debug|x64
		{D57CD267-4400-461B-9460-0AB954BE42AC}.Debug|x64.Build.0 = Debug|x64
		{D57CD267-4400-461B-9460-0AB954BE42AC}.Debug|x86.ActiveCfg = Debug|Win32
		{D57CD267-4400-461B-9460-0AB954BE42AC}.Debug|x86.Build.0 = Debug|Win32
		{D57CD267-4400-461B-9460-0AB954BE42AC}.Release|x64.ActiveCfg = Release|x64
		{D57CD267-4400-461B-9460-0AB954BE42AC}.Release|x64.Build.0 = Release|x64
		{D57CD267-4400-461B-9460-0AB954BE42AC}.Release|x86.ActiveCfg = Release|Win32
		{D57CD267-4400-461B-9460-0AB954BE42AC}.Release|x86.Build.0 = Release|Win32
		{B5276830-1286-454C-9977-97BCF60631E6}.Debug|x64.ActiveCfg = Debug|x64
		{B5276830-1286-454C-9977-97BCF60631E6}.Debug|x64.Build.0 = Debug|x64
		{B5276830-1286-454C-9977-97BCF60631E6}.Debug|x86.ActiveCfg = Debug|Win32
		{B5276830-1286-454C-9977-97BCF60631E6}.Debug|x86.Build.0 = Debug|Win32
		{B5276830-1286-454C-9977-97BCF60631E6}.Release|x64.ActiveCfg = Release|x64
		{B5276830-1286-454C-9977-97BCF60631E6}.Release|x64.Build.0 = Release|x64
		{B5276830-1286-454C-9977-97BCF60631E6}.Release|x86.ActiveCfg = Release|Win32
		{B5276830-1286-454C-9977-97BCF60631E6}.Release|x86.Build.0 = Release|Win32
		{4E159214-CA6B-475F-B401-1B20B116FA61}.Debug|x64.ActiveCfg = Debug|x64
		{4E159214-CA6B-475F-B401-1B20B116FA61}.Debug|x64.Build.0 = Debug|x64
		{4E159214-CA6B-475F-B401-1B20B116FA61}.Debug|x86.ActiveCfg = Debug|Win32
		{4E159214-CA6B-475F-B401-1B20B116FA61}.Debug|x86.Build.0 = Debug|Win32
		{4E159214-CA6B-475F-B401-1B20B116FA61}.Release|x64.ActiveCfg = Release|x64
		{4E159214-CA6B-475F-B401-1B20B116FA61}.Release|x64.Build.0 = Release|x64
		{4E159214-CA6B-475F-B401-1B20B116FA61}.Release|x86.ActiveCfg = Release|Win32
		{4E159214-CA6B-475F-B401-1B20B116FA61}.Release|x86.Build.0 = Release|Win32
		{D428A9A4-1F4E-4B87-AD6C-3325F25CA218}.Debug|x64.ActiveCfg = Debug|x64
		{D428A9A4-1F4E-4B87-AD6C-3325F25CA218}.Debug|x64.Build.0 = Debug|x64
		{D428A9A4-1F4E-4B87-AD6C-3325F25CA218}.Debug|x86.ActiveCfg = Debug|Win32
		{D428A9A4-1F4E-4B87-AD6C-3325F25CA218}.Debug|x86.Build.0 = Debug|Win32
		{D428A9A4-1F4E-4B87-AD6C-3325F25CA218}.Release|x64.ActiveCfg = Release|x64
		{D428A9A4-1F4E-4B87-AD6C-3325F25CA218}.Release|x64.Build.0 = Release|x64
		{D428A9A4-1F4E-4B87-AD6C-3325F25CA218}.Release|x86.ActiveCfg = Release|Win32
		{D428A9A4-1F4E-4B87-AD6C-3325F25CA218}.Release|x86.Build.0 = Release|Win32
	EndGlobalSection
	GlobalSection(SolutionProperties) = preSolution
		HideSolutionNode = FALSE
	EndGlobalSection
	GlobalSection(ExtensibilityGlobals) = postSolution
		SolutionGuid = {CC1DD824-4190-4487-B7FC-6F20389B6D04}
	EndGlobalSection
EndGlobal
